{
  "requires": true,
  "lockfileVersion": 1,
  "dependencies": {
    "timers-promises": {
      "version": "1.0.1",
      "resolved": "https://registry.npmjs.org/timers-promises/-/timers-promises-1.0.1.tgz",
      "integrity": "sha512-u87PAM7pIloXOxGcjqfDRQB72NG8DIVKafVafHgixzlsPlLnZTw9IkiX/WYSAqK1SkRAc6J2I/SUrBiswGvNiA=="
    }
  }
}
